// !$*UTF8*$!
{
	archiveVersion = 1;
	classes = {
	};
	objectVersion = 55;
	objects = {

/* Begin PBXBuildFile section */
		5BA2AF57281B2DFD00242021 /* Traffic_2_0App.swift in Sources */ = {isa = PBXBuildFile; fileRef = 5BA2AF56281B2DFD00242021 /* Traffic_2_0App.swift */; };
		5BA2AF59281B2DFD00242021 /* ContentView.swift in Sources */ = {isa = PBXBuildFile; fileRef = 5BA2AF58281B2DFD00242021 /* ContentView.swift */; };
		5BA2AF5B281B2DFF00242021 /* Assets.xcassets in Resources */ = {isa = PBXBuildFile; fileRef = 5BA2AF5A281B2DFF00242021 /* Assets.xcassets */; };
		5BA2AF5E281B2DFF00242021 /* Preview Assets.xcassets in Resources */ = {isa = PBXBuildFile; fileRef = 5BA2AF5D281B2DFF00242021 /* Preview Assets.xcassets */; };
		5BA2AF65281B2F3000242021 /* ChangeButton.swift in Sources */ = {isa = PBXBuildFile; fileRef = 5BA2AF64281B2F3000242021 /* ChangeButton.swift */; };
		5BA2AF67281B3FB100242021 /* ColorLight.swift in Sources */ = {isa = PBXBuildFile; fileRef = 5BA2AF66281B3FB100242021 /* ColorLight.swift */; };
		5BA2AF69281B416B00242021 /* AppDelegate.swift in Sources */ = {isa = PBXBuildFile; fileRef = 5BA2AF68281B416B00242021 /* AppDelegate.swift */; };
/* End PBXBuildFile section */

/* Begin PBXFileReference section */
		5BA2AF53281B2DFD00242021 /* Traffic 2.0.app */ = {isa = PBXFileReference; explicitFileType = wrapper.application; includeInIndex = 0; path = "Traffic 2.0.app"; sourceTree = BUILT_PRODUCTS_DIR; };
		5BA2AF56281B2DFD00242021 /* Traffic_2_0App.swift */ = {isa = PBXFileReference; lastKnownFileType = sourcecode.swift; path = Traffic_2_0App.swift; sourceTree = "<group>"; };
		5BA2AF58281B2DFD00242021 /* ContentView.swift */ = {isa = PBXFileReference; lastKnownFileType = sourcecode.swift; path = ContentView.swift; sourceTree = "<group>"; };
		5BA2AF5A281B2DFF00242021 /* Assets.xcassets */ = {isa = PBXFileReference; lastKnownFileType = folder.assetcatalog; path = Assets.xcassets; sourceTree = "<group>"; };
		5BA2AF5D281B2DFF00242021 /* Preview Assets.xcassets */ = {isa = PBXFileReference; lastKnownFileType = folder.assetcatalog; path = "Preview Assets.xcassets"; sourceTree = "<group>"; };
		5BA2AF64281B2F3000242021 /* ChangeButton.swift */ = {isa = PBXFileReference; lastKnownFileType = sourcecode.swift; path = ChangeButton.swift; sourceTree = "<group>"; };
		5BA2AF66281B3FB100242021 /* ColorLight.swift */ = {isa = PBXFileReference; lastKnownFileType = sourcecode.swift; path = ColorLight.swift; sourceTree = "<group>"; };
		5BA2AF68281B416B00242021 /* AppDelegate.swift */ = {isa = PBXFileReference; lastKnownFileType = sourcecode.swift; path = AppDelegate.swift; sourceTree = "<group>"; };
/* End PBXFileReference section */

/* Begin PBXFrameworksBuildPhase section */
		5BA2AF50281B2DFD00242021 /* Frameworks */ = {
			isa = PBXFrameworksBuildPhase;
			buildActionMask = 2147483647;
			files = (
			);
			runOnlyForDeploymentPostprocessing = 0;
		};
/* End PBXFrameworksBuildPhase section */

/* Begin PBXGroup section */
		5BA2AF4A281B2DFD00242021 = {
			isa = PBXGroup;
			children = (
				5BA2AF55281B2DFD00242021 /* Traffic 2.0 */,
				5BA2AF54281B2DFD00242021 /* Products */,
			);
			sourceTree = "<group>";
		};
		5BA2AF54281B2DFD00242021 /* Products */ = {
			isa = PBXGroup;
			children = (
				5BA2AF53281B2DFD00242021 /* Traffic 2.0.app */,
			);
			name = Products;
			sourceTree = "<group>";
		};
		5BA2AF55281B2DFD00242021 /* Traffic 2.0 */ = {
			isa = PBXGroup;
			children = (
				5BA2AF56281B2DFD00242021 /* Traffic_2_0App.swift */,
				5BA2AF58281B2DFD00242021 /* ContentView.swift */,
				5BA2AF66281B3FB100242021 /* ColorLight.swift */,
				5BA2AF68281B416B00242021 /* AppDelegate.swift */,
				5BA2AF64281B2F3000242021 /* ChangeButton.swift */,
				5BA2AF5A281B2DFF00242021 /* Assets.xcassets */,
				5BA2AF5C281B2DFF00242021 /* Preview Content */,
			);
			path = "Traffic 2.0";
			sourceTree = "<group>";
		};
		5BA2AF5C281B2DFF00242021 /* Preview Content */ = {
			isa = PBXGroup;
			children = (
				5BA2AF5D281B2DFF00242021 /* Preview Assets.xcassets */,
			);
			path = "Preview Content";
			sourceTree = "<group>";
		};
/* End PBXGroup section */

/* Begin PBXNativeTarget section */
		5BA2AF52281B2DFD00242021 /* Traffic 2.0 */ = {
			isa = PBXNativeTarget;
			buildConfigurationList = 5BA2AF61281B2DFF00242021 /* Build configuration list for PBXNativeTarget "Traffic 2.0" */;
			buildPhases = (
				5BA2AF4F281B2DFD00242021 /* Sources */,
				5BA2AF50281B2DFD00242021 /* Frameworks */,
				5BA2AF51281B2DFD00242021 /* Resources */,
			);
			buildRules = (
			);
			dependencies = (
			);
			name = "Traffic 2.0";
			productName = "Traffic 2.0";
			productReference = 5BA2AF53281B2DFD00242021 /* Traffic 2.0.app */;
			productType = "com.apple.product-type.application";
		};
/* End PBXNativeTarget section */

/* Begin PBXProject section */
		5BA2AF4B281B2DFD00242021 /* Project object */ = {
			isa = PBXProject;
			attributes = {
				BuildIndependentTargetsInParallel = 1;
				LastSwiftUpdateCheck = 1330;
				LastUpgradeCheck = 1330;
				TargetAttributes = {
					5BA2AF52281B2DFD00242021 = {
						CreatedOnToolsVersion = 13.3.1;
					};
				};
			};
			buildConfigurationList = 5BA2AF4E281B2DFD00242021 /* Build configuration list for PBXProject "Traffic 2.0" */;
			compatibilityVersion = "Xcode 13.0";
			developmentRegion = en;
			hasScannedForEncodings = 0;
			knownRegions = (
				en,
				Base,
			);
			mainGroup = 5BA2AF4A281B2DFD00242021;
			productRefGroup = 5BA2AF54281B2DFD00242021 /* Products */;
			projectDirPath = "";
			projectRoot = "";
			targets = (
				5BA2AF52281B2DFD00242021 /* Traffic 2.0 */,
			);
		};
/* End PBXProject section */

/* Begin PBXResourcesBuildPhase section */
		5BA2AF51281B2DFD00242021 /* Resources */ = {
			isa = PBXResourcesBuildPhase;
			buildActionMask = 2147483647;
			files = (
				5BA2AF5E281B2DFF00242021 /* Preview Assets.xcassets in Resources */,
				5BA2AF5B281B2DFF00242021 /* Assets.xcassets in Resources */,
			);
			runOnlyForDeploymentPostprocessing = 0;
		};
/* End PBXResourcesBuildPhase section */

/* Begin PBXSourcesBuildPhase section */
		5BA2AF4F281B2DFD00242021 /* Sources */ = {
			isa = PBXSourcesBuildPhase;
			buildActionMask = 2147483647;
			files = (
				5BA2AF59281B2DFD00242021 /* ContentView.swift in Sources */,
				5BA2AF57281B2DFD00242021 /* Traffic_2_0App.swift in Sources */,
				5BA2AF67281B3FB100242021 /* ColorLight.swift in Sources */,
				5BA2AF69281B416B00242021 /* AppDelegate.swift in Sources */,
				5BA2AF65281B2F3000242021 /* ChangeButton.swift in Sources */,
			);
			runOnlyForDeploymentPostprocessing = 0;
		};
/* End PBXSourcesBuildPhase section */

/* Begin XCBuildConfiguration section */
		5BA2AF5F281B2DFF00242021 /* Debug */ = {
			isa = XCBuildConfiguration;
			buildSettings = {
				ALWAYS_SEARCH_USER_PATHS = NO;
				CLANG_ANALYZER_NONNULL = YES;
				CLANG_ANALYZER_NUMBER_OBJECT_CONVERSION = YES_AGGRESSIVE;
				CLANG_CXX_LANGUAGE_STANDARD = "gnu++17";
				CLANG_ENABLE_MODULES = YES;
				CLANG_ENABLE_OBJC_ARC = YES;
				CLANG_ENABLE_OBJC_WEAK = YES;
				CLANG_WARN_BLOCK_CAPTURE_AUTORELEASING = YES;
				CLANG_WARN_BOOL_CONVERSION = YES;
				CLANG_WARN_COMMA = YES;
				CLANG_WARN_CONSTANT_CONVERSION = YES;
				CLANG_WARN_DEPRECATED_OBJC_IMPLEMENTATIONS = YES;
				CLANG_WARN_DIRECT_OBJC_ISA_USAGE = YES_ERROR;
				CLANG_WARN_DOCUMENTATION_COMMENTS = YES;
				CLANG_WARN_EMPTY_BODY = YES;
				CLANG_WARN_ENUM_CONVERSION = YES;
				CLANG_WARN_INFINITE_RECURSION = YES;
				CLANG_WARN_INT_CONVERSION = YES;
				CLANG_WARN_NON_LITERAL_NULL_CONVERSION = YES;
				CLANG_WARN_OBJC_IMPLICIT_RETAIN_SELF = YES;
				CLANG_WARN_OBJC_LITERAL_CONVERSION = YES;
				CLANG_WARN_OBJC_ROOT_CLASS = YES_ERROR;
				CLANG_WARN_QUOTED_INCLUDE_IN_FRAMEWORK_HEADER = YES;
				CLANG_WARN_RANGE_LOOP_ANALYSIS = YES;
				CLANG_WARN_STRICT_PROTOTYPES = YES;
				CLANG_WARN_SUSPICIOUS_MOVE = YES;
				CLANG_WARN_UNGUARDED_AVAILABILITY = YES_AGGRESSIVE;
				CLANG_WARN_UNREACHABLE_CODE = YES;
				CLANG_WARN__DUPLICATE_METHOD_MATCH = YES;
				COPY_PHASE_STRIP = NO;
				DEBUG_INFORMATION_FORMAT = dwarf;
				ENABLE_STRICT_OBJC_MSGSEND = YES;
				ENABLE_TESTABILITY = YES;
				GCC_C_LANGUAGE_STANDARD = gnu11;
				GCC_DYNAMIC_NO_PIC = NO;
				GCC_NO_COMMON_BLOCKS = YES;
				GCC_OPTIMIZATION_LEVEL = 0;
				GCC_PREPROCESSOR_DEFINITIONS = (
					"DEBUG=1",
					"$(inherited)",
				);
				GCC_WARN_64_TO_32_BIT_CONVERSION = YES;
				GCC_WARN_ABOUT_RETURN_TYPE = YES_ERROR;
				GCC_WARN_UNDECLARED_SELECTOR = YES;
				GCC_WARN_UNINITIALIZED_AUTOS = YES_AGGRESSIVE;
				GCC_WARN_UNUSED_FUNCTION = YES;
				GCC_WARN_UNUSED_VARIABLE = YES;
				IPHONEOS_DEPLOYMENT_TARGET = 15.4;
				MTL_ENABLE_DEBUG_INFO = INCLUDE_SOURCE;
				MTL_FAST_MATH = YES;
				ONLY_ACTIVE_ARCH = YES;
				SDKROOT = iphoneos;
				SWIFT_ACTIVE_COMPILATION_CONDITIONS = DEBUG;
				SWIFT_OPTIMIZATION_LEVEL = "-Onone";
			};
			name = Debug;
		};
		5BA2AF60281B2DFF00242021 /* Release */ = {
			isa = XCBuildConfiguration;
			buildSettings = {
				ALWAYS_SEARCH_USER_PATHS = NO;
				CLANG_ANALYZER_NONNULL = YES;
				CLANG_ANALYZER_NUMBER_OBJECT_CONVERSION = YES_AGGRESSIVE;
				CLANG_CXX_LANGUAGE_STANDARD = "gnu++17";
				CLANG_ENABLE_MODULES = YES;
				CLANG_ENABLE_OBJC_ARC = YES;
				CLANG_ENABLE_OBJC_WEAK = YES;
				CLANG_WARN_BLOCK_CAPTURE_AUTORELEASING = YES;
				CLANG_WARN_BOOL_CONVERSION = YES;
				CLANG_WARN_COMMA = YES;
				CLANG_WARN_CONSTANT_CONVERSION = YES;
				CLANG_WARN_DEPRECATED_OBJC_IMPLEMENTATIONS = YES;
				CLANG_WARN_DIRECT_OBJC_ISA_USAGE = YES_ERROR;
				CLANG_WARN_DOCUMENTATION_COMMENTS = YES;
				CLANG_WARN_EMPTY_BODY = YES;
				CLANG_WARN_ENUM_CONVERSION = YES;
				CLANG_WARN_INFINITE_RECURSION = YES;
				CLANG_WARN_INT_CONVERSION = YES;
				CLANG_WARN_NON_LITERAL_NULL_CONVERSION = YES;
				CLANG_WARN_OBJC_IMPLICIT_RETAIN_SELF = YES;
				CLANG_WARN_OBJC_LITERAL_CONVERSION = YES;
				CLANG_WARN_OBJC_ROOT_CLASS = YES_ERROR;
				CLANG_WARN_QUOTED_INCLUDE_IN_FRAMEWORK_HEADER = YES;
				CLANG_WARN_RANGE_LOOP_ANALYSIS = YES;
				CLANG_WARN_STRICT_PROTOTYPES = YES;
				CLANG_WARN_SUSPICIOUS_MOVE = YES;
				CLANG_WARN_UNGUARDED_AVAILABILITY = YES_AGGRESSIVE;
				CLANG_WARN_UNREACHABLE_CODE = YES;
				CLANG_WARN__DUPLICATE_METHOD_MATCH = YES;
				COPY_PHASE_STRIP = NO;
				DEBUG_INFORMATION_FORMAT = "dwarf-with-dsym";
				ENABLE_NS_ASSERTIONS = NO;
				ENABLE_STRICT_OBJC_MSGSEND = YES;
				GCC_C_LANGUAGE_STANDARD = gnu11;
				GCC_NO_COMMON_BLOCKS = YES;
				GCC_WARN_64_TO_32_BIT_CONVERSION = YES;
				GCC_WARN_ABOUT_RETURN_TYPE = YES_ERROR;
				GCC_WARN_UNDECLARED_SELECTOR = YES;
				GCC_WARN_UNINITIALIZED_AUTOS = YES_AGGRESSIVE;
				GCC_WARN_UNUSED_FUNCTION = YES;
				GCC_WARN_UNUSED_VARIABLE = YES;
				IPHONEOS_DEPLOYMENT_TARGET = 15.4;
				MTL_ENABLE_DEBUG_INFO = NO;
				MTL_FAST_MATH = YES;
				SDKROOT = iphoneos;
				SWIFT_COMPILATION_MODE = wholemodule;
				SWIFT_OPTIMIZATION_LEVEL = "-O";
				VALIDATE_PRODUCT = YES;
			};
			name = Release;
		};
		5BA2AF62281B2DFF00242021 /* Debug */ = {
			isa = XCBuildConfiguration;
			buildSettings = {
				ASSETCATALOG_COMPILER_APPICON_NAME = AppIcon;
				ASSETCATALOG_COMPILER_GLOBAL_ACCENT_COLOR_NAME = AccentColor;
				CODE_SIGN_STYLE = Automatic;
				CURRENT_PROJECT_VERSION = 1;
				DEVELOPMENT_ASSET_PATHS = "\"Traffic 2.0/Preview Content\"";
				DEVELOPMENT_TEAM = G4TVTH2H92;
				ENABLE_PREVIEWS = YES;
				GENERATE_INFOPLIST_FILE = YES;
				INFOPLIST_KEY_UIApplicationSceneManifest_Generation = YES;
				INFOPLIST_KEY_UIApplicationSupportsIndirectInputEvents = YES;
				INFOPLIST_KEY_UILaunchScreen_Generation = YES;
				INFOPLIST_KEY_UISupportedInterfaceOrientations_iPad = "UIInterfaceOrientationPortrait UIInterfaceOrientationPortraitUpsideDown UIInterfaceOrientationLandscapeLeft UIInterfaceOrientationLandscapeRight";
				INFOPLIST_KEY_UISupportedInterfaceOrientations_iPhone = "UIInterfaceOrientationPortrait UIInterfaceOrientationLandscapeLeft UIInterfaceOrientationLandscapeRight";
				LD_RUNPATH_SEARCH_PATHS = (
					"$(inherited)",
					"@executable_path/Frameworks",
				);
				MARKETING_VERSION = 1.0;
				PRODUCT_BUNDLE_IDENTIFIER = "A.Ukolov.Traffic-2-0";
				PRODUCT_NAME = "$(TARGET_NAME)";
				SWIFT_EMIT_LOC_STRINGS = YES;
				SWIFT_VERSION = 5.0;
				TARGETED_DEVICE_FAMILY = "1,2";
			};
			name = Debug;
		};
		5BA2AF63281B2DFF00242021 /* Release */ = {
			isa = XCBuildConfiguration;
			buildSettings = {
				ASSETCATALOG_COMPILER_APPICON_NAME = AppIcon;
				ASSETCATALOG_COMPILER_GLOBAL_ACCENT_COLOR_NAME = AccentColor;
				CODE_SIGN_STYLE = Automatic;
				CURRENT_PROJECT_VERSION = 1;
				DEVELOPMENT_ASSET_PATHS = "\"Traffic 2.0/Preview Content\"";
				DEVELOPMENT_TEAM = G4TVTH2H92;
				ENABLE_PREVIEWS = YES;
				GENERATE_INFOPLIST_FILE = YES;
				INFOPLIST_KEY_UIApplicationSceneManifest_Generation = YES;
				INFOPLIST_KEY_UIApplicationSupportsIndirectInputEvents = YES;
				INFOPLIST_KEY_UILaunchScreen_Generation = YES;
				INFOPLIST_KEY_UISupportedInterfaceOrientations_iPad = "UIInterfaceOrientationPortrait UIInterfaceOrientationPortraitUpsideDown UIInterfaceOrientationLandscapeLeft UIInterfaceOrientationLandscapeRight";
				INFOPLIST_KEY_UISupportedInterfaceOrientations_iPhone = "UIInterfaceOrientationPortrait UIInterfaceOrientationLandscapeLeft UIInterfaceOrientationLandscapeRight";
				LD_RUNPATH_SEARCH_PATHS = (
					"$(inherited)",
					"@executable_path/Frameworks",
				);
				MARKETING_VERSION = 1.0;
				PRODUCT_BUNDLE_IDENTIFIER = "A.Ukolov.Traffic-2-0";
				PRODUCT_NAME = "$(TARGET_NAME)";
				SWIFT_EMIT_LOC_STRINGS = YES;
				SWIFT_VERSION = 5.0;
				TARGETED_DEVICE_FAMILY = "1,2";
			};
			name = Release;
		};
/* End XCBuildConfiguration section */

/* Begin XCConfigurationList section */
		5BA2AF4E281B2DFD00242021 /* Build configuration list for PBXProject "Traffic 2.0" */ = {
			isa = XCConfigurationList;
			buildConfigurations = (
				5BA2AF5F281B2DFF00242021 /* Debug */,
				5BA2AF60281B2DFF00242021 /* Release */,
			);
			defaultConfigurationIsVisible = 0;
			defaultConfigurationName = Release;
		};
		5BA2AF61281B2DFF00242021 /* Build configuration list for PBXNativeTarget "Traffic 2.0" */ = {
			isa = XCConfigurationList;
			buildConfigurations = (
				5BA2AF62281B2DFF00242021 /* Debug */,
				5BA2AF63281B2DFF00242021 /* Release */,
			);
			defaultConfigurationIsVisible = 0;
			defaultConfigurationName = Release;
		};
/* End XCConfigurationList section */
	};
	rootObject = 5BA2AF4B281B2DFD00242021 /* Project object */;
}
